
Microsoft Visual Studio Solution File, Format Version 12.00
# Visual Studio 15
VisualStudioVersion = 15.0.27004.2006
MinimumVisualStudioVersion = 10.0.40219.1
Project("{8BC9CEB8-8B4A-11D0-8D11-00A0C91BC942}") = "Server", "tcp\tcp.vcxproj", "{5E8A7512-A741-4CF9-B67A-1D4F9E027A0B}"
EndProject
Project("{8BC9CEB8-8B4A-11D0-8D11-00A0C91BC942}") = "Client", "Client\Client.vcxproj", "{04D7C38F-3128-4B7C-B844-DBABC09317BB}"
EndProject
Global
	GlobalSection(SolutionConfigurationPlatforms) = preSolution
		Debug|x64 = Debug|x64
		Debug|x86 = Debug|x86
		Release|x64 = Release|x64
		Release|x86 = Release|x86
	EndGlobalSection
	GlobalSection(ProjectConfigurationPlatforms) = postSolution
		{5E8A7512-A741-4CF9-B67A-1D4F9E027A0B}.Debug|x64.ActiveCfg = Debug|x64
		{5E8A7512-A741-4CF9-B67A-1D4F9E027A0B}.Debug|x64.Build.0 = Debug|x64
		{5E8A7512-A741-4CF9-B67A-1D4F9E027A0B}.Debug|x86.ActiveCfg = Debug|Win32
		{5E8A7512-A741-4CF9-B67A-1D4F9E027A0B}.Debug|x86.Build.0 = Debug|Win32
		{5E8A7512-A741-4CF9-B67A-1D4F9E027A0B}.Release|x64.ActiveCfg = Release|x64
		{5E8A7512-A741-4CF9-B67A-1D4F9E027A0B}.Release|x64.Build.0 = Release|x64
		{5E8A7512-A741-4CF9-B67A-1D4F9E027A0B}.Release|x86.ActiveCfg = Release|Win32
		{5E8A7512-A741-4CF9-B67A-1D4F9E027A0B}.Release|x86.Build.0 = Release|Win32
		{04D7C38F-3128-4B7C-B844-DBABC09317BB}.Debug|x64.ActiveCfg = Debug|x64
		{04D7C38F-3128-4B7C-B844-DBABC09317BB}.Debug|x64.Build.0 = Debug|x64
		{04D7C38F-3128-4B7C-B844-DBABC09317BB}.Debug|x86.ActiveCfg = Debug|Win32
		{04D7C38F-3128-4B7C-B844-DBABC09317BB}.Debug|x86.Build.0 = Debug|Win32
		{04D7C38F-3128-4B7C-B844-DBABC09317BB}.Release|x64.ActiveCfg = Release|x64
		{04D7C38F-3128-4B7C-B844-DBABC09317BB}.Release|x64.Build.0 = Release|x64
		{04D7C38F-3128-4B7C-B844-DBABC09317BB}.Release|x86.ActiveCfg = Release|Win32
		{04D7C38F-3128-4B7C-B844-DBABC09317BB}.Release|x86.Build.0 = Release|Win32
	EndGlobalSection
	GlobalSection(SolutionProperties) = preSolution
		HideSolutionNode = FALSE
	EndGlobalSection
	GlobalSection(ExtensibilityGlobals) = postSolution
		SolutionGuid = {465F5453-1A44-4761-AEFE-B4B46C31F6F9}
	EndGlobalSection
EndGlobal
